
Microsoft Visual Studio Solution File, Format Version 12.00
Project("{FAE04EC0-301F-11D3-BF4B-00C04F79EFBC}") = "BookStore.API", "BookStore.API\BookStore.API.csproj", "{2EC88C71-982A-4F2C-B185-F38F5DFB1D65}"
EndProject
Project("{2150E333-8FDC-42A3-9474-1A3956D46DE8}") = "Solution Items", "Solution Items", "{1FAFC86E-E094-44E4-82B8-7C0D422E2B3A}"
	ProjectSection(SolutionItems) = preProject
		docker-compose.yml = docker-compose.yml
	EndProjectSection
EndProject
Project("{FAE04EC0-301F-11D3-BF4B-00C04F79EFBC}") = "BookStore.Core", "BookStore.Core\BookStore.Core.csproj", "{C3A1D34E-0E03-4FE4-B0C4-A6904E873D8E}"
EndProject
Project("{FAE04EC0-301F-11D3-BF4B-00C04F79EFBC}") = "BookStore.DataAccess", "BookStore.DataAccess\BookStore.DataAccess.csproj", "{02B779BC-1093-4535-8928-DEA42F6DF1BF}"
EndProject
Project("{FAE04EC0-301F-11D3-BF4B-00C04F79EFBC}") = "BookStore.Application", "BookStore.Application\BookStore.Application.csproj", "{A0B0B25C-6C26-4633-BE91-99E06CF6EDB0}"
EndProject
Global
	GlobalSection(SolutionConfigurationPlatforms) = preSolution
		Debug|Any CPU = Debug|Any CPU
		Release|Any CPU = Release|Any CPU
	EndGlobalSection
	GlobalSection(ProjectConfigurationPlatforms) = postSolution
		{2EC88C71-982A-4F2C-B185-F38F5DFB1D65}.Debug|Any CPU.ActiveCfg = Debug|Any CPU
		{2EC88C71-982A-4F2C-B185-F38F5DFB1D65}.Debug|Any CPU.Build.0 = Debug|Any CPU
		{2EC88C71-982A-4F2C-B185-F38F5DFB1D65}.Release|Any CPU.ActiveCfg = Release|Any CPU
		{2EC88C71-982A-4F2C-B185-F38F5DFB1D65}.Release|Any CPU.Build.0 = Release|Any CPU
		{C3A1D34E-0E03-4FE4-B0C4-A6904E873D8E}.Debug|Any CPU.ActiveCfg = Debug|Any CPU
		{C3A1D34E-0E03-4FE4-B0C4-A6904E873D8E}.Debug|Any CPU.Build.0 = Debug|Any CPU
		{C3A1D34E-0E03-4FE4-B0C4-A6904E873D8E}.Release|Any CPU.ActiveCfg = Release|Any CPU
		{C3A1D34E-0E03-4FE4-B0C4-A6904E873D8E}.Release|Any CPU.Build.0 = Release|Any CPU
		{02B779BC-1093-4535-8928-DEA42F6DF1BF}.Debug|Any CPU.ActiveCfg = Debug|Any CPU
		{02B779BC-1093-4535-8928-DEA42F6DF1BF}.Debug|Any CPU.Build.0 = Debug|Any CPU
		{02B779BC-1093-4535-8928-DEA42F6DF1BF}.Release|Any CPU.ActiveCfg = Release|Any CPU
		{02B779BC-1093-4535-8928-DEA42F6DF1BF}.Release|Any CPU.Build.0 = Release|Any CPU
		{A0B0B25C-6C26-4633-BE91-99E06CF6EDB0}.Debug|Any CPU.ActiveCfg = Debug|Any CPU
		{A0B0B25C-6C26-4633-BE91-99E06CF6EDB0}.Debug|Any CPU.Build.0 = Debug|Any CPU
		{A0B0B25C-6C26-4633-BE91-99E06CF6EDB0}.Release|Any CPU.ActiveCfg = Release|Any CPU
		{A0B0B25C-6C26-4633-BE91-99E06CF6EDB0}.Release|Any CPU.Build.0 = Release|Any CPU
	EndGlobalSection
EndGlobal
